// !$*UTF8*$!
{
	archiveVersion = 1;
	classes = {
	};
	objectVersion = 46;
	objects = {

/* Begin PBXBuildFile section */
		FF3B57921CF6566E003D927D /* AppDelegate.swift in Sources */ = {isa = PBXBuildFile; fileRef = FF3B57911CF6566E003D927D /* AppDelegate.swift */; };
		FF3B57971CF6566E003D927D /* Main.storyboard in Resources */ = {isa = PBXBuildFile; fileRef = FF3B57951CF6566E003D927D /* Main.storyboard */; };
		FF3B57991CF6566E003D927D /* Assets.xcassets in Resources */ = {isa = PBXBuildFile; fileRef = FF3B57981CF6566E003D927D /* Assets.xcassets */; };
		FF3B579C1CF6566E003D927D /* LaunchScreen.storyboard in Resources */ = {isa = PBXBuildFile; fileRef = FF3B579A1CF6566E003D927D /* LaunchScreen.storyboard */; };
		FF3B57A41CF68289003D927D /* NetworkController.swift in Sources */ = {isa = PBXBuildFile; fileRef = FF3B57A31CF68288003D927D /* NetworkController.swift */; };
		FF3B57A61CF685FE003D927D /* Post.swift in Sources */ = {isa = PBXBuildFile; fileRef = FF3B57A51CF685FE003D927D /* Post.swift */; };
		FF3B57A81CF6881B003D927D /* PostController.swift in Sources */ = {isa = PBXBuildFile; fileRef = FF3B57A71CF6881B003D927D /* PostController.swift */; };
		FF3B57AA1CF68A1E003D927D /* PostListTableViewController.swift in Sources */ = {isa = PBXBuildFile; fileRef = FF3B57A91CF68A1E003D927D /* PostListTableViewController.swift */; };
/* End PBXBuildFile section */

/* Begin PBXFileReference section */
		FF3B578E1CF6566E003D927D /* Post.app */ = {isa = PBXFileReference; explicitFileType = wrapper.application; includeInIndex = 0; path = Post.app; sourceTree = BUILT_PRODUCTS_DIR; };
		FF3B57911CF6566E003D927D /* AppDelegate.swift */ = {isa = PBXFileReference; lastKnownFileType = sourcecode.swift; path = AppDelegate.swift; sourceTree = "<group>"; };
		FF3B57961CF6566E003D927D /* Base */ = {isa = PBXFileReference; lastKnownFileType = file.storyboard; name = Base; path = Base.lproj/Main.storyboard; sourceTree = "<group>"; };
		FF3B57981CF6566E003D927D /* Assets.xcassets */ = {isa = PBXFileReference; lastKnownFileType = folder.assetcatalog; path = Assets.xcassets; sourceTree = "<group>"; };
		FF3B579B1CF6566E003D927D /* Base */ = {isa = PBXFileReference; lastKnownFileType = file.storyboard; name = Base; path = Base.lproj/LaunchScreen.storyboard; sourceTree = "<group>"; };
		FF3B579D1CF6566E003D927D /* Info.plist */ = {isa = PBXFileReference; lastKnownFileType = text.plist.xml; path = Info.plist; sourceTree = "<group>"; };
		FF3B57A31CF68288003D927D /* NetworkController.swift */ = {isa = PBXFileReference; fileEncoding = 4; lastKnownFileType = sourcecode.swift; path = NetworkController.swift; sourceTree = "<group>"; };
		FF3B57A51CF685FE003D927D /* Post.swift */ = {isa = PBXFileReference; fileEncoding = 4; lastKnownFileType = sourcecode.swift; path = Post.swift; sourceTree = "<group>"; };
		FF3B57A71CF6881B003D927D /* PostController.swift */ = {isa = PBXFileReference; fileEncoding = 4; lastKnownFileType = sourcecode.swift; path = PostController.swift; sourceTree = "<group>"; };
		FF3B57A91CF68A1E003D927D /* PostListTableViewController.swift */ = {isa = PBXFileReference; fileEncoding = 4; lastKnownFileType = sourcecode.swift; path = PostListTableViewController.swift; sourceTree = "<group>"; };
/* End PBXFileReference section */

/* Begin PBXFrameworksBuildPhase section */
		FF3B578B1CF6566E003D927D /* Frameworks */ = {
			isa = PBXFrameworksBuildPhase;
			buildActionMask = 2147483647;
			files = (
			);
			runOnlyForDeploymentPostprocessing = 0;
		};
/* End PBXFrameworksBuildPhase section */

/* Begin PBXGroup section */
		FF3B57851CF6566D003D927D = {
			isa = PBXGroup;
			children = (
				FF3B57901CF6566E003D927D /* Post */,
				FF3B578F1CF6566E003D927D /* Products */,
			);
			sourceTree = "<group>";
		};
		FF3B578F1CF6566E003D927D /* Products */ = {
			isa = PBXGroup;
			children = (
				FF3B578E1CF6566E003D927D /* Post.app */,
			);
			name = Products;
			sourceTree = "<group>";
		};
		FF3B57901CF6566E003D927D /* Post */ = {
			isa = PBXGroup;
			children = (
				FF3B57911CF6566E003D927D /* AppDelegate.swift */,
				FF3B57A31CF68288003D927D /* NetworkController.swift */,
				FF3B57A51CF685FE003D927D /* Post.swift */,
				FF3B57A71CF6881B003D927D /* PostController.swift */,
				FF3B57A91CF68A1E003D927D /* PostListTableViewController.swift */,
				FF3B57951CF6566E003D927D /* Main.storyboard */,
				FF3B57981CF6566E003D927D /* Assets.xcassets */,
				FF3B579A1CF6566E003D927D /* LaunchScreen.storyboard */,
				FF3B579D1CF6566E003D927D /* Info.plist */,
			);
			path = Post;
			sourceTree = "<group>";
		};
/* End PBXGroup section */

/* Begin PBXNativeTarget section */
		FF3B578D1CF6566E003D927D /* Post */ = {
			isa = PBXNativeTarget;
			buildConfigurationList = FF3B57A01CF6566E003D927D /* Build configuration list for PBXNativeTarget "Post" */;
			buildPhases = (
				FF3B578A1CF6566E003D927D /* Sources */,
				FF3B578B1CF6566E003D927D /* Frameworks */,
				FF3B578C1CF6566E003D927D /* Resources */,
			);
			buildRules = (
			);
			dependencies = (
			);
			name = Post;
			productName = Post;
			productReference = FF3B578E1CF6566E003D927D /* Post.app */;
			productType = "com.apple.product-type.application";
		};
/* End PBXNativeTarget section */

/* Begin PBXProject section */
		FF3B57861CF6566D003D927D /* Project object */ = {
			isa = PBXProject;
			attributes = {
				LastSwiftUpdateCheck = 0730;
				LastUpgradeCheck = 0730;
				ORGANIZATIONNAME = "Ross McIlwaine";
				TargetAttributes = {
					FF3B578D1CF6566E003D927D = {
						CreatedOnToolsVersion = 7.3.1;
					};
				};
			};
			buildConfigurationList = FF3B57891CF6566D003D927D /* Build configuration list for PBXProject "Post" */;
			compatibilityVersion = "Xcode 3.2";
			developmentRegion = English;
			hasScannedForEncodings = 0;
			knownRegions = (
				en,
				Base,
			);
			mainGroup = FF3B57851CF6566D003D927D;
			productRefGroup = FF3B578F1CF6566E003D927D /* Products */;
			projectDirPath = "";
			projectRoot = "";
			targets = (
				FF3B578D1CF6566E003D927D /* Post */,
			);
		};
/* End PBXProject section */

/* Begin PBXResourcesBuildPhase section */
		FF3B578C1CF6566E003D927D /* Resources */ = {
			isa = PBXResourcesBuildPhase;
			buildActionMask = 2147483647;
			files = (
				FF3B579C1CF6566E003D927D /* LaunchScreen.storyboard in Resources */,
				FF3B57991CF6566E003D927D /* Assets.xcassets in Resources */,
				FF3B57971CF6566E003D927D /* Main.storyboard in Resources */,
			);
			runOnlyForDeploymentPostprocessing = 0;
		};
/* End PBXResourcesBuildPhase section */

/* Begin PBXSourcesBuildPhase section */
		FF3B578A1CF6566E003D927D /* Sources */ = {
			isa = PBXSourcesBuildPhase;
			buildActionMask = 2147483647;
			files = (
				FF3B57A81CF6881B003D927D /* PostController.swift in Sources */,
				FF3B57921CF6566E003D927D /* AppDelegate.swift in Sources */,
				FF3B57A41CF68289003D927D /* NetworkController.swift in Sources */,
				FF3B57AA1CF68A1E003D927D /* PostListTableViewController.swift in Sources */,
				FF3B57A61CF685FE003D927D /* Post.swift in Sources */,
			);
			runOnlyForDeploymentPostprocessing = 0;
		};
/* End PBXSourcesBuildPhase section */

/* Begin PBXVariantGroup section */
		FF3B57951CF6566E003D927D /* Main.storyboard */ = {
			isa = PBXVariantGroup;
			children = (
				FF3B57961CF6566E003D927D /* Base */,
			);
			name = Main.storyboard;
			sourceTree = "<group>";
		};
		FF3B579A1CF6566E003D927D /* LaunchScreen.storyboard */ = {
			isa = PBXVariantGroup;
			children = (
				FF3B579B1CF6566E003D927D /* Base */,
			);
			name = LaunchScreen.storyboard;
			sourceTree = "<group>";
		};
/* End PBXVariantGroup section */

/* Begin XCBuildConfiguration section */
		FF3B579E1CF6566E003D927D /* Debug */ = {
			isa = XCBuildConfiguration;
			buildSettings = {
				ALWAYS_SEARCH_USER_PATHS = NO;
				CLANG_ANALYZER_NONNULL = YES;
				CLANG_CXX_LANGUAGE_STANDARD = "gnu++0x";
				CLANG_CXX_LIBRARY = "libc++";
				CLANG_ENABLE_MODULES = YES;
				CLANG_ENABLE_OBJC_ARC = YES;
				CLANG_WARN_BOOL_CONVERSION = YES;
				CLANG_WARN_CONSTANT_CONVERSION = YES;
				CLANG_WARN_DIRECT_OBJC_ISA_USAGE = YES_ERROR;
				CLANG_WARN_EMPTY_BODY = YES;
				CLANG_WARN_ENUM_CONVERSION = YES;
				CLANG_WARN_INT_CONVERSION = YES;
				CLANG_WARN_OBJC_ROOT_CLASS = YES_ERROR;
				CLANG_WARN_UNREACHABLE_CODE = YES;
				CLANG_WARN__DUPLICATE_METHOD_MATCH = YES;
				"CODE_SIGN_IDENTITY[sdk=iphoneos*]" = "iPhone Developer";
				COPY_PHASE_STRIP = NO;
				DEBUG_INFORMATION_FORMAT = dwarf;
				ENABLE_STRICT_OBJC_MSGSEND = YES;
				ENABLE_TESTABILITY = YES;
				GCC_C_LANGUAGE_STANDARD = gnu99;
				GCC_DYNAMIC_NO_PIC = NO;
				GCC_NO_COMMON_BLOCKS = YES;
				GCC_OPTIMIZATION_LEVEL = 0;
				GCC_PREPROCESSOR_DEFINITIONS = (
					"DEBUG=1",
					"$(inherited)",
				);
				GCC_WARN_64_TO_32_BIT_CONVERSION = YES;
				GCC_WARN_ABOUT_RETURN_TYPE = YES_ERROR;
				GCC_WARN_UNDECLARED_SELECTOR = YES;
				GCC_WARN_UNINITIALIZED_AUTOS = YES_AGGRESSIVE;
				GCC_WARN_UNUSED_FUNCTION = YES;
				GCC_WARN_UNUSED_VARIABLE = YES;
				IPHONEOS_DEPLOYMENT_TARGET = 9.3;
				MTL_ENABLE_DEBUG_INFO = YES;
				ONLY_ACTIVE_ARCH = YES;
				SDKROOT = iphoneos;
				SWIFT_OPTIMIZATION_LEVEL = "-Onone";
			};
			name = Debug;
		};
		FF3B579F1CF6566E003D927D /* Release */ = {
			isa = XCBuildConfiguration;
			buildSettings = {
				ALWAYS_SEARCH_USER_PATHS = NO;
				CLANG_ANALYZER_NONNULL = YES;
				CLANG_CXX_LANGUAGE_STANDARD = "gnu++0x";
				CLANG_CXX_LIBRARY = "libc++";
				CLANG_ENABLE_MODULES = YES;
				CLANG_ENABLE_OBJC_ARC = YES;
				CLANG_WARN_BOOL_CONVERSION = YES;
				CLANG_WARN_CONSTANT_CONVERSION = YES;
				CLANG_WARN_DIRECT_OBJC_ISA_USAGE = YES_ERROR;
				CLANG_WARN_EMPTY_BODY = YES;
				CLANG_WARN_ENUM_CONVERSION = YES;
				CLANG_WARN_INT_CONVERSION = YES;
				CLANG_WARN_OBJC_ROOT_CLASS = YES_ERROR;
				CLANG_WARN_UNREACHABLE_CODE = YES;
				CLANG_WARN__DUPLICATE_METHOD_MATCH = YES;
				"CODE_SIGN_IDENTITY[sdk=iphoneos*]" = "iPhone Developer";
				COPY_PHASE_STRIP = NO;
				DEBUG_INFORMATION_FORMAT = "dwarf-with-dsym";
				ENABLE_NS_ASSERTIONS = NO;
				ENABLE_STRICT_OBJC_MSGSEND = YES;
				GCC_C_LANGUAGE_STANDARD = gnu99;
				GCC_NO_COMMON_BLOCKS = YES;
				GCC_WARN_64_TO_32_BIT_CONVERSION = YES;
				GCC_WARN_ABOUT_RETURN_TYPE = YES_ERROR;
				GCC_WARN_UNDECLARED_SELECTOR = YES;
				GCC_WARN_UNINITIALIZED_AUTOS = YES_AGGRESSIVE;
				GCC_WARN_UNUSED_FUNCTION = YES;
				GCC_WARN_UNUSED_VARIABLE = YES;
				IPHONEOS_DEPLOYMENT_TARGET = 9.3;
				MTL_ENABLE_DEBUG_INFO = NO;
				SDKROOT = iphoneos;
				VALIDATE_PRODUCT = YES;
			};
			name = Release;
		};
		FF3B57A11CF6566E003D927D /* Debug */ = {
			isa = XCBuildConfiguration;
			buildSettings = {
				ASSETCATALOG_COMPILER_APPICON_NAME = AppIcon;
				INFOPLIST_FILE = Post/Info.plist;
				LD_RUNPATH_SEARCH_PATHS = "$(inherited) @executable_path/Frameworks";
				PRODUCT_BUNDLE_IDENTIFIER = com.rossmcilwaine.Post;
				PRODUCT_NAME = "$(TARGET_NAME)";
			};
			name = Debug;
		};
		FF3B57A21CF6566E003D927D /* Release */ = {
			isa = XCBuildConfiguration;
			buildSettings = {
				ASSETCATALOG_COMPILER_APPICON_NAME = AppIcon;
				INFOPLIST_FILE = Post/Info.plist;
				LD_RUNPATH_SEARCH_PATHS = "$(inherited) @executable_path/Frameworks";
				PRODUCT_BUNDLE_IDENTIFIER = com.rossmcilwaine.Post;
				PRODUCT_NAME = "$(TARGET_NAME)";
			};
			name = Release;
		};
/* End XCBuildConfiguration section */

/* Begin XCConfigurationList section */
		FF3B57891CF6566D003D927D /* Build configuration list for PBXProject "Post" */ = {
			isa = XCConfigurationList;
			buildConfigurations = (
				FF3B579E1CF6566E003D927D /* Debug */,
				FF3B579F1CF6566E003D927D /* Release */,
			);
			defaultConfigurationIsVisible = 0;
			defaultConfigurationName = Release;
		};
		FF3B57A01CF6566E003D927D /* Build configuration list for PBXNativeTarget "Post" */ = {
			isa = XCConfigurationList;
			buildConfigurations = (
				FF3B57A11CF6566E003D927D /* Debug */,
				FF3B57A21CF6566E003D927D /* Release */,
			);
			defaultConfigurationIsVisible = 0;
		};
/* End XCConfigurationList section */
	};
	rootObject = FF3B57861CF6566D003D927D /* Project object */;
}
